{
  "name": "changeAgentS3Trigger",
  "version": "2.0.0",
  "lockfileVersion": 1,
  "requires": true,
  "dependencies": {
    "@dazn/lambda-powertools-correlation-ids": {
      "version": "1.8.2",
      "resolved": "https://registry.npmjs.org/@dazn/lambda-powertools-correlation-ids/-/lambda-powertools-correlation-ids-1.8.2.tgz",
      "integrity": "sha512-zZvahepZI7vC3qvT+z0eVXbt9gJ6vHK0UJcw2IZ5EOhocYfOJhNsaGIv6HdOp8nDGAQkVLH8IY3Ih/wLoBU4Lg=="
    },
    "@dazn/lambda-powertools-logger": {
      "version": "1.15.2",
      "resolved": "https://registry.npmjs.org/@dazn/lambda-powertools-logger/-/lambda-powertools-logger-1.15.2.tgz",
      "integrity": "sha512-OYvkpu23xJsK9iVW4shsMA0qtVt7d5KVIeacNbmXMJ3sHRcniIVDOknk3AtlZOFZcPLzU0Keb4dzEmUcAJy6Rg==",
      "requires": {
        "@dazn/lambda-powertools-correlation-ids": "^1.8.2"
      }
    },
    "change-agent-services": {
      "version": "file:../../changeAgentServices"
    }
  }
}
