{
  "name": "changeagent8c09160bCreateAuthChallenge",
  "version": "2.0.0",
  "lockfileVersion": 1,
  "requires": true,
  "dependencies": {
    "crypto-secure-random-digit": {
      "version": "1.0.8",
      "resolved": "https://registry.npmjs.org/crypto-secure-random-digit/-/crypto-secure-random-digit-1.0.8.tgz",
      "integrity": "sha512-eQq3SiI51XW7RfuNOe5j1pivoAs1/wBdb6QQBx+vrM4RYNgTOAgmT2HdbEb9pP6PnE3WT9cTGnKI1mECmwCDtQ=="
    }
  }
}
